// !$*UTF8*$!
{
	archiveVersion = 1;
	classes = {
	};
	objectVersion = 51;
	objects = {

/* Begin PBXBuildFile section */
		1D4B751042B55AEE7373B9A2 /* Pods_PokeApp_PokeAppUITests.framework in Frameworks */ = {isa = PBXBuildFile; fileRef = 29DE669ED0959C9BF6B92216 /* Pods_PokeApp_PokeAppUITests.framework */; };
		26307BCF5D366B3B681D51F5 /* Pods_PokeApp.framework in Frameworks */ = {isa = PBXBuildFile; fileRef = C8BB98939D01FE0C16280644 /* Pods_PokeApp.framework */; };
		89741896E016A6E6F530A0EE /* Pods_PokeAppTests.framework in Frameworks */ = {isa = PBXBuildFile; fileRef = 19BA51D28F2D8FC25D7CAF6E /* Pods_PokeAppTests.framework */; };
		FA6183C3267EEC6200786785 /* PokemonsList.storyboard in Resources */ = {isa = PBXBuildFile; fileRef = FA6183C2267EEC6200786785 /* PokemonsList.storyboard */; };
		FA6183C7267EEF7B00786785 /* PokemonsListViewController.swift in Sources */ = {isa = PBXBuildFile; fileRef = FA6183C6267EEF7B00786785 /* PokemonsListViewController.swift */; };
		FA6183CA267EF36100786785 /* PokemonsListCoordinator.swift in Sources */ = {isa = PBXBuildFile; fileRef = FA6183C9267EF36100786785 /* PokemonsListCoordinator.swift */; };
		FA6183CC267EF44700786785 /* PokemonsListViewModel.swift in Sources */ = {isa = PBXBuildFile; fileRef = FA6183CB267EF44700786785 /* PokemonsListViewModel.swift */; };
		FA6183CE267EF4DD00786785 /* PokemonsListInterface.swift in Sources */ = {isa = PBXBuildFile; fileRef = FA6183CD267EF4DD00786785 /* PokemonsListInterface.swift */; };
		FA6183D4268009D900786785 /* PokemonDetail.storyboard in Resources */ = {isa = PBXBuildFile; fileRef = FA6183D3268009D900786785 /* PokemonDetail.storyboard */; };
		FA6183D626800C3A00786785 /* PokemonDetailViewController.swift in Sources */ = {isa = PBXBuildFile; fileRef = FA6183D526800C3A00786785 /* PokemonDetailViewController.swift */; };
		FA6183DA26800E7200786785 /* PokemonDetailInterface.swift in Sources */ = {isa = PBXBuildFile; fileRef = FA6183D926800E7200786785 /* PokemonDetailInterface.swift */; };
		FA6183DC2680105500786785 /* PokemonDetailViewModel.swift in Sources */ = {isa = PBXBuildFile; fileRef = FA6183DB2680105500786785 /* PokemonDetailViewModel.swift */; };
		FA6183DE2680130900786785 /* PokemonDetailCoordinator.swift in Sources */ = {isa = PBXBuildFile; fileRef = FA6183DD2680130900786785 /* PokemonDetailCoordinator.swift */; };
		FA6183E02680145B00786785 /* Pokemon.swift in Sources */ = {isa = PBXBuildFile; fileRef = FA6183DF2680145B00786785 /* Pokemon.swift */; };
		FA6183E42680244D00786785 /* PokemonError.swift in Sources */ = {isa = PBXBuildFile; fileRef = FA6183E32680244D00786785 /* PokemonError.swift */; };
		FA61842226803AF300786785 /* WebHooksService.swift in Sources */ = {isa = PBXBuildFile; fileRef = FA61842126803AF300786785 /* WebHooksService.swift */; };
		FA61842426803C4E00786785 /* WebHooksNetworkManager.swift in Sources */ = {isa = PBXBuildFile; fileRef = FA61842326803C4E00786785 /* WebHooksNetworkManager.swift */; };
		FAA3D40D2682222600698EE2 /* Constants.swift in Sources */ = {isa = PBXBuildFile; fileRef = FAA3D40C2682222600698EE2 /* Constants.swift */; };
		FAA3D410268266F000698EE2 /* WebhooksStub.swift in Sources */ = {isa = PBXBuildFile; fileRef = FAA3D40F268266F000698EE2 /* WebhooksStub.swift */; };
		FAA3D4162682BA2100698EE2 /* PokemonsTest.swift in Sources */ = {isa = PBXBuildFile; fileRef = FAA3D4152682BA2100698EE2 /* PokemonsTest.swift */; };
		FAA3D41A2682BFE400698EE2 /* arceus.json in Resources */ = {isa = PBXBuildFile; fileRef = FAA3D4192682BFE400698EE2 /* arceus.json */; };
		FAA3D41C2682CBA200698EE2 /* PokemonViewControllerTest.swift in Sources */ = {isa = PBXBuildFile; fileRef = FAA3D41B2682CBA200698EE2 /* PokemonViewControllerTest.swift */; };
		FABE176F267E188900BF58F7 /* AppDelegate.swift in Sources */ = {isa = PBXBuildFile; fileRef = FABE176E267E188900BF58F7 /* AppDelegate.swift */; };
		FABE1771267E188900BF58F7 /* SceneDelegate.swift in Sources */ = {isa = PBXBuildFile; fileRef = FABE1770267E188900BF58F7 /* SceneDelegate.swift */; };
		FABE1773267E188900BF58F7 /* PokemonViewController.swift in Sources */ = {isa = PBXBuildFile; fileRef = FABE1772267E188900BF58F7 /* PokemonViewController.swift */; };
		FABE1776267E188900BF58F7 /* Pokemon.storyboard in Resources */ = {isa = PBXBuildFile; fileRef = FABE1774267E188900BF58F7 /* Pokemon.storyboard */; };
		FABE177B267E188C00BF58F7 /* Assets.xcassets in Resources */ = {isa = PBXBuildFile; fileRef = FABE177A267E188C00BF58F7 /* Assets.xcassets */; };
		FABE177E267E188C00BF58F7 /* LaunchScreen.storyboard in Resources */ = {isa = PBXBuildFile; fileRef = FABE177C267E188C00BF58F7 /* LaunchScreen.storyboard */; };
		FABE1789267E188D00BF58F7 /* WebhooksTest.swift in Sources */ = {isa = PBXBuildFile; fileRef = FABE1788267E188D00BF58F7 /* WebhooksTest.swift */; };
		FABE1794267E188D00BF58F7 /* PokeAppUITests.swift in Sources */ = {isa = PBXBuildFile; fileRef = FABE1793267E188D00BF58F7 /* PokeAppUITests.swift */; };
		FABE17A7267E21DA00BF58F7 /* Storyboarded.swift in Sources */ = {isa = PBXBuildFile; fileRef = FABE17A6267E21DA00BF58F7 /* Storyboarded.swift */; };
		FABE17A9267E244500BF58F7 /* Coordinator.swift in Sources */ = {isa = PBXBuildFile; fileRef = FABE17A8267E244500BF58F7 /* Coordinator.swift */; };
		FABE17AE267E338200BF58F7 /* BaseViewController.swift in Sources */ = {isa = PBXBuildFile; fileRef = FABE17AD267E338200BF58F7 /* BaseViewController.swift */; };
		FABE17B0267E381000BF58F7 /* BaseCoordinator.swift in Sources */ = {isa = PBXBuildFile; fileRef = FABE17AF267E381000BF58F7 /* BaseCoordinator.swift */; };
		FABE17C1267E64D800BF58F7 /* PokemonViewModel.swift in Sources */ = {isa = PBXBuildFile; fileRef = FABE17C0267E64D800BF58F7 /* PokemonViewModel.swift */; };
		FABE17C4267E657800BF58F7 /* PokemonInterface.swift in Sources */ = {isa = PBXBuildFile; fileRef = FABE17C3267E657800BF58F7 /* PokemonInterface.swift */; };
		FABE17C6267E65F500BF58F7 /* PokemonCoordinator.swift in Sources */ = {isa = PBXBuildFile; fileRef = FABE17C5267E65F500BF58F7 /* PokemonCoordinator.swift */; };
		FABE17C8267E688300BF58F7 /* PokemonNetworkManager.swift in Sources */ = {isa = PBXBuildFile; fileRef = FABE17C7267E688300BF58F7 /* PokemonNetworkManager.swift */; };
		FABE17CE267EAB7400BF58F7 /* UIImageView+Extensions.swift in Sources */ = {isa = PBXBuildFile; fileRef = FABE17CD267EAB7400BF58F7 /* UIImageView+Extensions.swift */; };
		FABE17D0267EC44100BF58F7 /* UIAlertController+Extensions.swift in Sources */ = {isa = PBXBuildFile; fileRef = FABE17CF267EC44100BF58F7 /* UIAlertController+Extensions.swift */; };
		FAC803D32681747D00B4F839 /* UITextField+Extensions.swift in Sources */ = {isa = PBXBuildFile; fileRef = FAC803D22681747D00B4F839 /* UITextField+Extensions.swift */; };
/* End PBXBuildFile section */

/* Begin PBXContainerItemProxy section */
		FABE1785267E188D00BF58F7 /* PBXContainerItemProxy */ = {
			isa = PBXContainerItemProxy;
			containerPortal = FABE1763267E188900BF58F7 /* Project object */;
			proxyType = 1;
			remoteGlobalIDString = FABE176A267E188900BF58F7;
			remoteInfo = PokeApp;
		};
		FABE1790267E188D00BF58F7 /* PBXContainerItemProxy */ = {
			isa = PBXContainerItemProxy;
			containerPortal = FABE1763267E188900BF58F7 /* Project object */;
			proxyType = 1;
			remoteGlobalIDString = FABE176A267E188900BF58F7;
			remoteInfo = PokeApp;
		};
/* End PBXContainerItemProxy section */

/* Begin PBXFileReference section */
		0E37EE05F88AACECD7FE0381 /* Pods-PokeApp-PokeAppUITests.release.xcconfig */ = {isa = PBXFileReference; includeInIndex = 1; lastKnownFileType = text.xcconfig; name = "Pods-PokeApp-PokeAppUITests.release.xcconfig"; path = "Target Support Files/Pods-PokeApp-PokeAppUITests/Pods-PokeApp-PokeAppUITests.release.xcconfig"; sourceTree = "<group>"; };
		19BA51D28F2D8FC25D7CAF6E /* Pods_PokeAppTests.framework */ = {isa = PBXFileReference; explicitFileType = wrapper.framework; includeInIndex = 0; path = Pods_PokeAppTests.framework; sourceTree = BUILT_PRODUCTS_DIR; };
		29DE669ED0959C9BF6B92216 /* Pods_PokeApp_PokeAppUITests.framework */ = {isa = PBXFileReference; explicitFileType = wrapper.framework; includeInIndex = 0; path = Pods_PokeApp_PokeAppUITests.framework; sourceTree = BUILT_PRODUCTS_DIR; };
		6E1FD34642003D651D41AF28 /* Pods-PokeAppTests.release.xcconfig */ = {isa = PBXFileReference; includeInIndex = 1; lastKnownFileType = text.xcconfig; name = "Pods-PokeAppTests.release.xcconfig"; path = "Target Support Files/Pods-PokeAppTests/Pods-PokeAppTests.release.xcconfig"; sourceTree = "<group>"; };
		7D7BCD8240CAD356BD3910E3 /* Pods-PokeApp.release.xcconfig */ = {isa = PBXFileReference; includeInIndex = 1; lastKnownFileType = text.xcconfig; name = "Pods-PokeApp.release.xcconfig"; path = "Target Support Files/Pods-PokeApp/Pods-PokeApp.release.xcconfig"; sourceTree = "<group>"; };
		AC51F74C51C4D30422DD53C9 /* Pods-PokeAppTests.debug.xcconfig */ = {isa = PBXFileReference; includeInIndex = 1; lastKnownFileType = text.xcconfig; name = "Pods-PokeAppTests.debug.xcconfig"; path = "Target Support Files/Pods-PokeAppTests/Pods-PokeAppTests.debug.xcconfig"; sourceTree = "<group>"; };
		B141A758A9D2546075560ECC /* Pods-PokeApp.debug.xcconfig */ = {isa = PBXFileReference; includeInIndex = 1; lastKnownFileType = text.xcconfig; name = "Pods-PokeApp.debug.xcconfig"; path = "Target Support Files/Pods-PokeApp/Pods-PokeApp.debug.xcconfig"; sourceTree = "<group>"; };
		B837BDDCC7DF12B6A54760D2 /* Pods-PokeApp-PokeAppUITests.debug.xcconfig */ = {isa = PBXFileReference; includeInIndex = 1; lastKnownFileType = text.xcconfig; name = "Pods-PokeApp-PokeAppUITests.debug.xcconfig"; path = "Target Support Files/Pods-PokeApp-PokeAppUITests/Pods-PokeApp-PokeAppUITests.debug.xcconfig"; sourceTree = "<group>"; };
		C8BB98939D01FE0C16280644 /* Pods_PokeApp.framework */ = {isa = PBXFileReference; explicitFileType = wrapper.framework; includeInIndex = 0; path = Pods_PokeApp.framework; sourceTree = BUILT_PRODUCTS_DIR; };
		FA6183C2267EEC6200786785 /* PokemonsList.storyboard */ = {isa = PBXFileReference; lastKnownFileType = file.storyboard; path = PokemonsList.storyboard; sourceTree = "<group>"; };
		FA6183C6267EEF7B00786785 /* PokemonsListViewController.swift */ = {isa = PBXFileReference; lastKnownFileType = sourcecode.swift; path = PokemonsListViewController.swift; sourceTree = "<group>"; };
		FA6183C9267EF36100786785 /* PokemonsListCoordinator.swift */ = {isa = PBXFileReference; lastKnownFileType = sourcecode.swift; path = PokemonsListCoordinator.swift; sourceTree = "<group>"; };
		FA6183CB267EF44700786785 /* PokemonsListViewModel.swift */ = {isa = PBXFileReference; lastKnownFileType = sourcecode.swift; path = PokemonsListViewModel.swift; sourceTree = "<group>"; };
		FA6183CD267EF4DD00786785 /* PokemonsListInterface.swift */ = {isa = PBXFileReference; lastKnownFileType = sourcecode.swift; path = PokemonsListInterface.swift; sourceTree = "<group>"; };
		FA6183D3268009D900786785 /* PokemonDetail.storyboard */ = {isa = PBXFileReference; lastKnownFileType = file.storyboard; path = PokemonDetail.storyboard; sourceTree = "<group>"; };
		FA6183D526800C3A00786785 /* PokemonDetailViewController.swift */ = {isa = PBXFileReference; lastKnownFileType = sourcecode.swift; path = PokemonDetailViewController.swift; sourceTree = "<group>"; };
		FA6183D926800E7200786785 /* PokemonDetailInterface.swift */ = {isa = PBXFileReference; lastKnownFileType = sourcecode.swift; path = PokemonDetailInterface.swift; sourceTree = "<group>"; };
		FA6183DB2680105500786785 /* PokemonDetailViewModel.swift */ = {isa = PBXFileReference; lastKnownFileType = sourcecode.swift; path = PokemonDetailViewModel.swift; sourceTree = "<group>"; };
		FA6183DD2680130900786785 /* PokemonDetailCoordinator.swift */ = {isa = PBXFileReference; lastKnownFileType = sourcecode.swift; path = PokemonDetailCoordinator.swift; sourceTree = "<group>"; };
		FA6183DF2680145B00786785 /* Pokemon.swift */ = {isa = PBXFileReference; lastKnownFileType = sourcecode.swift; path = Pokemon.swift; sourceTree = "<group>"; };
		FA6183E32680244D00786785 /* PokemonError.swift */ = {isa = PBXFileReference; lastKnownFileType = sourcecode.swift; path = PokemonError.swift; sourceTree = "<group>"; };
		FA61842126803AF300786785 /* WebHooksService.swift */ = {isa = PBXFileReference; lastKnownFileType = sourcecode.swift; path = WebHooksService.swift; sourceTree = "<group>"; };
		FA61842326803C4E00786785 /* WebHooksNetworkManager.swift */ = {isa = PBXFileReference; lastKnownFileType = sourcecode.swift; path = WebHooksNetworkManager.swift; sourceTree = "<group>"; };
		FAA3D40C2682222600698EE2 /* Constants.swift */ = {isa = PBXFileReference; lastKnownFileType = sourcecode.swift; path = Constants.swift; sourceTree = "<group>"; };
		FAA3D40F268266F000698EE2 /* WebhooksStub.swift */ = {isa = PBXFileReference; lastKnownFileType = sourcecode.swift; path = WebhooksStub.swift; sourceTree = "<group>"; };
		FAA3D4152682BA2100698EE2 /* PokemonsTest.swift */ = {isa = PBXFileReference; lastKnownFileType = sourcecode.swift; path = PokemonsTest.swift; sourceTree = "<group>"; };
		FAA3D4192682BFE400698EE2 /* arceus.json */ = {isa = PBXFileReference; lastKnownFileType = text.json; path = arceus.json; sourceTree = "<group>"; };
		FAA3D41B2682CBA200698EE2 /* PokemonViewControllerTest.swift */ = {isa = PBXFileReference; lastKnownFileType = sourcecode.swift; path = PokemonViewControllerTest.swift; sourceTree = "<group>"; };
		FABE176B267E188900BF58F7 /* PokeApp.app */ = {isa = PBXFileReference; explicitFileType = wrapper.application; includeInIndex = 0; path = PokeApp.app; sourceTree = BUILT_PRODUCTS_DIR; };
		FABE176E267E188900BF58F7 /* AppDelegate.swift */ = {isa = PBXFileReference; lastKnownFileType = sourcecode.swift; path = AppDelegate.swift; sourceTree = "<group>"; };
		FABE1770267E188900BF58F7 /* SceneDelegate.swift */ = {isa = PBXFileReference; lastKnownFileType = sourcecode.swift; path = SceneDelegate.swift; sourceTree = "<group>"; };
		FABE1772267E188900BF58F7 /* PokemonViewController.swift */ = {isa = PBXFileReference; lastKnownFileType = sourcecode.swift; path = PokemonViewController.swift; sourceTree = "<group>"; };
		FABE1775267E188900BF58F7 /* Base */ = {isa = PBXFileReference; lastKnownFileType = file.storyboard; name = Base; path = Base.lproj/Pokemon.storyboard; sourceTree = "<group>"; };
		FABE177A267E188C00BF58F7 /* Assets.xcassets */ = {isa = PBXFileReference; lastKnownFileType = folder.assetcatalog; path = Assets.xcassets; sourceTree = "<group>"; };
		FABE177D267E188C00BF58F7 /* Base */ = {isa = PBXFileReference; lastKnownFileType = file.storyboard; name = Base; path = Base.lproj/LaunchScreen.storyboard; sourceTree = "<group>"; };
		FABE177F267E188C00BF58F7 /* Info.plist */ = {isa = PBXFileReference; lastKnownFileType = text.plist.xml; path = Info.plist; sourceTree = "<group>"; };
		FABE1784267E188D00BF58F7 /* PokeAppTests.xctest */ = {isa = PBXFileReference; explicitFileType = wrapper.cfbundle; includeInIndex = 0; path = PokeAppTests.xctest; sourceTree = BUILT_PRODUCTS_DIR; };
		FABE1788267E188D00BF58F7 /* WebhooksTest.swift */ = {isa = PBXFileReference; lastKnownFileType = sourcecode.swift; path = WebhooksTest.swift; sourceTree = "<group>"; };
		FABE178A267E188D00BF58F7 /* Info.plist */ = {isa = PBXFileReference; lastKnownFileType = text.plist.xml; path = Info.plist; sourceTree = "<group>"; };
		FABE178F267E188D00BF58F7 /* PokeAppUITests.xctest */ = {isa = PBXFileReference; explicitFileType = wrapper.cfbundle; includeInIndex = 0; path = PokeAppUITests.xctest; sourceTree = BUILT_PRODUCTS_DIR; };
		FABE1793267E188D00BF58F7 /* PokeAppUITests.swift */ = {isa = PBXFileReference; lastKnownFileType = sourcecode.swift; path = PokeAppUITests.swift; sourceTree = "<group>"; };
		FABE1795267E188D00BF58F7 /* Info.plist */ = {isa = PBXFileReference; lastKnownFileType = text.plist.xml; path = Info.plist; sourceTree = "<group>"; };
		FABE17A6267E21DA00BF58F7 /* Storyboarded.swift */ = {isa = PBXFileReference; lastKnownFileType = sourcecode.swift; path = Storyboarded.swift; sourceTree = "<group>"; };
		FABE17A8267E244500BF58F7 /* Coordinator.swift */ = {isa = PBXFileReference; lastKnownFileType = sourcecode.swift; path = Coordinator.swift; sourceTree = "<group>"; };
		FABE17AD267E338200BF58F7 /* BaseViewController.swift */ = {isa = PBXFileReference; lastKnownFileType = sourcecode.swift; path = BaseViewController.swift; sourceTree = "<group>"; };
		FABE17AF267E381000BF58F7 /* BaseCoordinator.swift */ = {isa = PBXFileReference; lastKnownFileType = sourcecode.swift; path = BaseCoordinator.swift; sourceTree = "<group>"; };
		FABE17C0267E64D800BF58F7 /* PokemonViewModel.swift */ = {isa = PBXFileReference; lastKnownFileType = sourcecode.swift; path = PokemonViewModel.swift; sourceTree = "<group>"; };
		FABE17C3267E657800BF58F7 /* PokemonInterface.swift */ = {isa = PBXFileReference; lastKnownFileType = sourcecode.swift; path = PokemonInterface.swift; sourceTree = "<group>"; };
		FABE17C5267E65F500BF58F7 /* PokemonCoordinator.swift */ = {isa = PBXFileReference; lastKnownFileType = sourcecode.swift; path = PokemonCoordinator.swift; sourceTree = "<group>"; };
		FABE17C7267E688300BF58F7 /* PokemonNetworkManager.swift */ = {isa = PBXFileReference; lastKnownFileType = sourcecode.swift; path = PokemonNetworkManager.swift; sourceTree = "<group>"; };
		FABE17CD267EAB7400BF58F7 /* UIImageView+Extensions.swift */ = {isa = PBXFileReference; lastKnownFileType = sourcecode.swift; path = "UIImageView+Extensions.swift"; sourceTree = "<group>"; };
		FABE17CF267EC44100BF58F7 /* UIAlertController+Extensions.swift */ = {isa = PBXFileReference; lastKnownFileType = sourcecode.swift; path = "UIAlertController+Extensions.swift"; sourceTree = "<group>"; };
		FAC803D22681747D00B4F839 /* UITextField+Extensions.swift */ = {isa = PBXFileReference; lastKnownFileType = sourcecode.swift; path = "UITextField+Extensions.swift"; sourceTree = "<group>"; };
/* End PBXFileReference section */

/* Begin PBXFrameworksBuildPhase section */
		FABE1768267E188900BF58F7 /* Frameworks */ = {
			isa = PBXFrameworksBuildPhase;
			buildActionMask = 2147483647;
			files = (
				26307BCF5D366B3B681D51F5 /* Pods_PokeApp.framework in Frameworks */,
			);
			runOnlyForDeploymentPostprocessing = 0;
		};
		FABE1781267E188D00BF58F7 /* Frameworks */ = {
			isa = PBXFrameworksBuildPhase;
			buildActionMask = 2147483647;
			files = (
				89741896E016A6E6F530A0EE /* Pods_PokeAppTests.framework in Frameworks */,
			);
			runOnlyForDeploymentPostprocessing = 0;
		};
		FABE178C267E188D00BF58F7 /* Frameworks */ = {
			isa = PBXFrameworksBuildPhase;
			buildActionMask = 2147483647;
			files = (
				1D4B751042B55AEE7373B9A2 /* Pods_PokeApp_PokeAppUITests.framework in Frameworks */,
			);
			runOnlyForDeploymentPostprocessing = 0;
		};
/* End PBXFrameworksBuildPhase section */

/* Begin PBXGroup section */
		44A90B15E1796C1477F2C0EA /* Pods */ = {
			isa = PBXGroup;
			children = (
				B141A758A9D2546075560ECC /* Pods-PokeApp.debug.xcconfig */,
				7D7BCD8240CAD356BD3910E3 /* Pods-PokeApp.release.xcconfig */,
				B837BDDCC7DF12B6A54760D2 /* Pods-PokeApp-PokeAppUITests.debug.xcconfig */,
				0E37EE05F88AACECD7FE0381 /* Pods-PokeApp-PokeAppUITests.release.xcconfig */,
				AC51F74C51C4D30422DD53C9 /* Pods-PokeAppTests.debug.xcconfig */,
				6E1FD34642003D651D41AF28 /* Pods-PokeAppTests.release.xcconfig */,
			);
			path = Pods;
			sourceTree = "<group>";
		};
		CE5AEFFF99DBF526504C1612 /* Frameworks */ = {
			isa = PBXGroup;
			children = (
				C8BB98939D01FE0C16280644 /* Pods_PokeApp.framework */,
				29DE669ED0959C9BF6B92216 /* Pods_PokeApp_PokeAppUITests.framework */,
				19BA51D28F2D8FC25D7CAF6E /* Pods_PokeAppTests.framework */,
			);
			name = Frameworks;
			sourceTree = "<group>";
		};
		FA6183BD267EEBB000786785 /* List */ = {
			isa = PBXGroup;
			children = (
				FA6183C0267EEC5000786785 /* Controller */,
				FA6183BE267EEC4F00786785 /* Coordinator */,
				FA6183C8267EF30C00786785 /* Interface */,
				FA6183C1267EEC5000786785 /* View */,
				FA6183BF267EEC5000786785 /* ViewModel */,
			);
			path = List;
			sourceTree = "<group>";
		};
		FA6183BE267EEC4F00786785 /* Coordinator */ = {
			isa = PBXGroup;
			children = (
				FA6183C9267EF36100786785 /* PokemonsListCoordinator.swift */,
			);
			path = Coordinator;
			sourceTree = "<group>";
		};
		FA6183BF267EEC5000786785 /* ViewModel */ = {
			isa = PBXGroup;
			children = (
				FA6183CB267EF44700786785 /* PokemonsListViewModel.swift */,
			);
			path = ViewModel;
			sourceTree = "<group>";
		};
		FA6183C0267EEC5000786785 /* Controller */ = {
			isa = PBXGroup;
			children = (
				FA6183C6267EEF7B00786785 /* PokemonsListViewController.swift */,
			);
			path = Controller;
			sourceTree = "<group>";
		};
		FA6183C1267EEC5000786785 /* View */ = {
			isa = PBXGroup;
			children = (
				FA6183C2267EEC6200786785 /* PokemonsList.storyboard */,
			);
			path = View;
			sourceTree = "<group>";
		};
		FA6183C8267EF30C00786785 /* Interface */ = {
			isa = PBXGroup;
			children = (
				FA6183CD267EF4DD00786785 /* PokemonsListInterface.swift */,
			);
			path = Interface;
			sourceTree = "<group>";
		};
		FA6183D726800DE900786785 /* Interface */ = {
			isa = PBXGroup;
			children = (
				FA6183D926800E7200786785 /* PokemonDetailInterface.swift */,
			);
			path = Interface;
			sourceTree = "<group>";
		};
		FAA3D4142682A91600698EE2 /* Service */ = {
			isa = PBXGroup;
			children = (
				FA61842126803AF300786785 /* WebHooksService.swift */,
			);
			path = Service;
			sourceTree = "<group>";
		};
		FABE1762267E188900BF58F7 = {
			isa = PBXGroup;
			children = (
				FABE176D267E188900BF58F7 /* PokeApp */,
				FABE1787267E188D00BF58F7 /* PokeAppTests */,
				FABE1792267E188D00BF58F7 /* PokeAppUITests */,
				FABE176C267E188900BF58F7 /* Products */,
				44A90B15E1796C1477F2C0EA /* Pods */,
				CE5AEFFF99DBF526504C1612 /* Frameworks */,
			);
			sourceTree = "<group>";
		};
		FABE176C267E188900BF58F7 /* Products */ = {
			isa = PBXGroup;
			children = (
				FABE176B267E188900BF58F7 /* PokeApp.app */,
				FABE1784267E188D00BF58F7 /* PokeAppTests.xctest */,
				FABE178F267E188D00BF58F7 /* PokeAppUITests.xctest */,
			);
			name = Products;
			sourceTree = "<group>";
		};
		FABE176D267E188900BF58F7 /* PokeApp */ = {
			isa = PBXGroup;
			children = (
				FABE17B4267E3CFD00BF58F7 /* Pokemon */,
				FABE17A2267E217900BF58F7 /* Data */,
				FABE17A5267E21A500BF58F7 /* Resource */,
				FABE17A4267E219A00BF58F7 /* Base */,
				FABE17A3267E218300BF58F7 /* Common */,
				FABE17A1267E217300BF58F7 /* Utils */,
				FABE176E267E188900BF58F7 /* AppDelegate.swift */,
				FABE1770267E188900BF58F7 /* SceneDelegate.swift */,
			);
			path = PokeApp;
			sourceTree = "<group>";
		};
		FABE1787267E188D00BF58F7 /* PokeAppTests */ = {
			isa = PBXGroup;
			children = (
				FABE1788267E188D00BF58F7 /* WebhooksTest.swift */,
				FAA3D4152682BA2100698EE2 /* PokemonsTest.swift */,
				FAA3D41B2682CBA200698EE2 /* PokemonViewControllerTest.swift */,
				FAA3D40F268266F000698EE2 /* WebhooksStub.swift */,
				FABE178A267E188D00BF58F7 /* Info.plist */,
			);
			path = PokeAppTests;
			sourceTree = "<group>";
		};
		FABE1792267E188D00BF58F7 /* PokeAppUITests */ = {
			isa = PBXGroup;
			children = (
				FABE1793267E188D00BF58F7 /* PokeAppUITests.swift */,
				FABE1795267E188D00BF58F7 /* Info.plist */,
				FAA3D40C2682222600698EE2 /* Constants.swift */,
			);
			path = PokeAppUITests;
			sourceTree = "<group>";
		};
		FABE17A1267E217300BF58F7 /* Utils */ = {
			isa = PBXGroup;
			children = (
				FABE17CD267EAB7400BF58F7 /* UIImageView+Extensions.swift */,
				FABE17CF267EC44100BF58F7 /* UIAlertController+Extensions.swift */,
				FAC803D22681747D00B4F839 /* UITextField+Extensions.swift */,
			);
			path = Utils;
			sourceTree = "<group>";
		};
		FABE17A2267E217900BF58F7 /* Data */ = {
			isa = PBXGroup;
			children = (
				FABE17B2267E3CCE00BF58F7 /* Error */,
				FABE17B1267E3CA900BF58F7 /* Model */,
				FABE17B3267E3CD900BF58F7 /* Network */,
				FAA3D4142682A91600698EE2 /* Service */,
			);
			path = Data;
			sourceTree = "<group>";
		};
		FABE17A3267E218300BF58F7 /* Common */ = {
			isa = PBXGroup;
			children = (
				FABE177F267E188C00BF58F7 /* Info.plist */,
				FABE17A6267E21DA00BF58F7 /* Storyboarded.swift */,
				FABE17A8267E244500BF58F7 /* Coordinator.swift */,
			);
			path = Common;
			sourceTree = "<group>";
		};
		FABE17A4267E219A00BF58F7 /* Base */ = {
			isa = PBXGroup;
			children = (
				FABE17AA267E334800BF58F7 /* Controller */,
				FABE17AC267E335800BF58F7 /* Coordinator */,
				FABE17AB267E335200BF58F7 /* View */,
			);
			path = Base;
			sourceTree = "<group>";
		};
		FABE17A5267E21A500BF58F7 /* Resource */ = {
			isa = PBXGroup;
			children = (
				FABE177A267E188C00BF58F7 /* Assets.xcassets */,
				FAA3D4192682BFE400698EE2 /* arceus.json */,
			);
			path = Resource;
			sourceTree = "<group>";
		};
		FABE17AA267E334800BF58F7 /* Controller */ = {
			isa = PBXGroup;
			children = (
				FABE17AD267E338200BF58F7 /* BaseViewController.swift */,
			);
			path = Controller;
			sourceTree = "<group>";
		};
		FABE17AB267E335200BF58F7 /* View */ = {
			isa = PBXGroup;
			children = (
				FABE177C267E188C00BF58F7 /* LaunchScreen.storyboard */,
			);
			path = View;
			sourceTree = "<group>";
		};
		FABE17AC267E335800BF58F7 /* Coordinator */ = {
			isa = PBXGroup;
			children = (
				FABE17AF267E381000BF58F7 /* BaseCoordinator.swift */,
			);
			path = Coordinator;
			sourceTree = "<group>";
		};
		FABE17B1267E3CA900BF58F7 /* Model */ = {
			isa = PBXGroup;
			children = (
				FA6183DF2680145B00786785 /* Pokemon.swift */,
			);
			path = Model;
			sourceTree = "<group>";
		};
		FABE17B2267E3CCE00BF58F7 /* Error */ = {
			isa = PBXGroup;
			children = (
				FA6183E32680244D00786785 /* PokemonError.swift */,
			);
			path = Error;
			sourceTree = "<group>";
		};
		FABE17B3267E3CD900BF58F7 /* Network */ = {
			isa = PBXGroup;
			children = (
				FABE17C7267E688300BF58F7 /* PokemonNetworkManager.swift */,
				FA61842326803C4E00786785 /* WebHooksNetworkManager.swift */,
			);
			path = Network;
			sourceTree = "<group>";
		};
		FABE17B4267E3CFD00BF58F7 /* Pokemon */ = {
			isa = PBXGroup;
			children = (
				FA6183BD267EEBB000786785 /* List */,
				FABE17B7267E3D2500BF58F7 /* Details */,
				FABE17B6267E3D1D00BF58F7 /* Home */,
			);
			path = Pokemon;
			sourceTree = "<group>";
		};
		FABE17B6267E3D1D00BF58F7 /* Home */ = {
			isa = PBXGroup;
			children = (
				FABE17BF267E3D7F00BF58F7 /* Controller */,
				FABE17BD267E3D7F00BF58F7 /* Coordinator */,
				FABE17C2267E656500BF58F7 /* Interface */,
				FABE17BE267E3D7F00BF58F7 /* View */,
				FABE17BC267E3D7F00BF58F7 /* ViewModel */,
			);
			path = Home;
			sourceTree = "<group>";
		};
		FABE17B7267E3D2500BF58F7 /* Details */ = {
			isa = PBXGroup;
			children = (
				FABE17B8267E3D3000BF58F7 /* Controller */,
				FABE17B9267E3D3800BF58F7 /* Coordinator */,
				FA6183D726800DE900786785 /* Interface */,
				FABE17BA267E3D3D00BF58F7 /* View */,
				FABE17BB267E3D4100BF58F7 /* ViewModel */,
			);
			path = Details;
			sourceTree = "<group>";
		};
		FABE17B8267E3D3000BF58F7 /* Controller */ = {
			isa = PBXGroup;
			children = (
				FA6183D526800C3A00786785 /* PokemonDetailViewController.swift */,
			);
			path = Controller;
			sourceTree = "<group>";
		};
		FABE17B9267E3D3800BF58F7 /* Coordinator */ = {
			isa = PBXGroup;
			children = (
				FA6183DD2680130900786785 /* PokemonDetailCoordinator.swift */,
			);
			path = Coordinator;
			sourceTree = "<group>";
		};
		FABE17BA267E3D3D00BF58F7 /* View */ = {
			isa = PBXGroup;
			children = (
				FA6183D3268009D900786785 /* PokemonDetail.storyboard */,
			);
			path = View;
			sourceTree = "<group>";
		};
		FABE17BB267E3D4100BF58F7 /* ViewModel */ = {
			isa = PBXGroup;
			children = (
				FA6183DB2680105500786785 /* PokemonDetailViewModel.swift */,
			);
			path = ViewModel;
			sourceTree = "<group>";
		};
		FABE17BC267E3D7F00BF58F7 /* ViewModel */ = {
			isa = PBXGroup;
			children = (
				FABE17C0267E64D800BF58F7 /* PokemonViewModel.swift */,
			);
			path = ViewModel;
			sourceTree = "<group>";
		};
		FABE17BD267E3D7F00BF58F7 /* Coordinator */ = {
			isa = PBXGroup;
			children = (
				FABE17C5267E65F500BF58F7 /* PokemonCoordinator.swift */,
			);
			path = Coordinator;
			sourceTree = "<group>";
		};
		FABE17BE267E3D7F00BF58F7 /* View */ = {
			isa = PBXGroup;
			children = (
				FABE1774267E188900BF58F7 /* Pokemon.storyboard */,
			);
			path = View;
			sourceTree = "<group>";
		};
		FABE17BF267E3D7F00BF58F7 /* Controller */ = {
			isa = PBXGroup;
			children = (
				FABE1772267E188900BF58F7 /* PokemonViewController.swift */,
			);
			path = Controller;
			sourceTree = "<group>";
		};
		FABE17C2267E656500BF58F7 /* Interface */ = {
			isa = PBXGroup;
			children = (
				FABE17C3267E657800BF58F7 /* PokemonInterface.swift */,
			);
			path = Interface;
			sourceTree = "<group>";
		};
/* End PBXGroup section */

/* Begin PBXNativeTarget section */
		FABE176A267E188900BF58F7 /* PokeApp */ = {
			isa = PBXNativeTarget;
			buildConfigurationList = FABE1798267E188D00BF58F7 /* Build configuration list for PBXNativeTarget "PokeApp" */;
			buildPhases = (
				402E326F1E3AE0D70BAA6C93 /* [CP] Check Pods Manifest.lock */,
				FABE1767267E188900BF58F7 /* Sources */,
				FABE1768267E188900BF58F7 /* Frameworks */,
				FABE1769267E188900BF58F7 /* Resources */,
				D3C9034E3AAFBD30BFC9F4BE /* [CP] Embed Pods Frameworks */,
			);
			buildRules = (
			);
			dependencies = (
			);
			name = PokeApp;
			productName = PokeApp;
			productReference = FABE176B267E188900BF58F7 /* PokeApp.app */;
			productType = "com.apple.product-type.application";
		};
		FABE1783267E188D00BF58F7 /* PokeAppTests */ = {
			isa = PBXNativeTarget;
			buildConfigurationList = FABE179B267E188D00BF58F7 /* Build configuration list for PBXNativeTarget "PokeAppTests" */;
			buildPhases = (
				72AC6D00FB4F0D910B7F6970 /* [CP] Check Pods Manifest.lock */,
				FABE1780267E188D00BF58F7 /* Sources */,
				FABE1781267E188D00BF58F7 /* Frameworks */,
				FABE1782267E188D00BF58F7 /* Resources */,
			);
			buildRules = (
			);
			dependencies = (
				FABE1786267E188D00BF58F7 /* PBXTargetDependency */,
			);
			name = PokeAppTests;
			productName = PokeAppTests;
			productReference = FABE1784267E188D00BF58F7 /* PokeAppTests.xctest */;
			productType = "com.apple.product-type.bundle.unit-test";
		};
		FABE178E267E188D00BF58F7 /* PokeAppUITests */ = {
			isa = PBXNativeTarget;
			buildConfigurationList = FABE179E267E188D00BF58F7 /* Build configuration list for PBXNativeTarget "PokeAppUITests" */;
			buildPhases = (
				D7E055AC1C382748C79B5489 /* [CP] Check Pods Manifest.lock */,
				FABE178B267E188D00BF58F7 /* Sources */,
				FABE178C267E188D00BF58F7 /* Frameworks */,
				FABE178D267E188D00BF58F7 /* Resources */,
				27F8C375A2C5325C569CD269 /* [CP] Embed Pods Frameworks */,
			);
			buildRules = (
			);
			dependencies = (
				FABE1791267E188D00BF58F7 /* PBXTargetDependency */,
			);
			name = PokeAppUITests;
			productName = PokeAppUITests;
			productReference = FABE178F267E188D00BF58F7 /* PokeAppUITests.xctest */;
			productType = "com.apple.product-type.bundle.ui-testing";
		};
/* End PBXNativeTarget section */

/* Begin PBXProject section */
		FABE1763267E188900BF58F7 /* Project object */ = {
			isa = PBXProject;
			attributes = {
				LastSwiftUpdateCheck = 1250;
				LastUpgradeCheck = 1250;
				TargetAttributes = {
					FABE176A267E188900BF58F7 = {
						CreatedOnToolsVersion = 12.5;
					};
					FABE1783267E188D00BF58F7 = {
						CreatedOnToolsVersion = 12.5;
						TestTargetID = FABE176A267E188900BF58F7;
					};
					FABE178E267E188D00BF58F7 = {
						CreatedOnToolsVersion = 12.5;
						TestTargetID = FABE176A267E188900BF58F7;
					};
				};
			};
			buildConfigurationList = FABE1766267E188900BF58F7 /* Build configuration list for PBXProject "PokeApp" */;
			compatibilityVersion = "Xcode 9.3";
			developmentRegion = en;
			hasScannedForEncodings = 0;
			knownRegions = (
				en,
				Base,
			);
			mainGroup = FABE1762267E188900BF58F7;
			productRefGroup = FABE176C267E188900BF58F7 /* Products */;
			projectDirPath = "";
			projectRoot = "";
			targets = (
				FABE176A267E188900BF58F7 /* PokeApp */,
				FABE1783267E188D00BF58F7 /* PokeAppTests */,
				FABE178E267E188D00BF58F7 /* PokeAppUITests */,
			);
		};
/* End PBXProject section */

/* Begin PBXResourcesBuildPhase section */
		FABE1769267E188900BF58F7 /* Resources */ = {
			isa = PBXResourcesBuildPhase;
			buildActionMask = 2147483647;
			files = (
				FABE177E267E188C00BF58F7 /* LaunchScreen.storyboard in Resources */,
				FABE177B267E188C00BF58F7 /* Assets.xcassets in Resources */,
				FAA3D41A2682BFE400698EE2 /* arceus.json in Resources */,
				FA6183C3267EEC6200786785 /* PokemonsList.storyboard in Resources */,
				FA6183D4268009D900786785 /* PokemonDetail.storyboard in Resources */,
				FABE1776267E188900BF58F7 /* Pokemon.storyboard in Resources */,
			);
			runOnlyForDeploymentPostprocessing = 0;
		};
		FABE1782267E188D00BF58F7 /* Resources */ = {
			isa = PBXResourcesBuildPhase;
			buildActionMask = 2147483647;
			files = (
			);
			runOnlyForDeploymentPostprocessing = 0;
		};
		FABE178D267E188D00BF58F7 /* Resources */ = {
			isa = PBXResourcesBuildPhase;
			buildActionMask = 2147483647;
			files = (
			);
			runOnlyForDeploymentPostprocessing = 0;
		};
/* End PBXResourcesBuildPhase section */

/* Begin PBXShellScriptBuildPhase section */
		27F8C375A2C5325C569CD269 /* [CP] Embed Pods Frameworks */ = {
			isa = PBXShellScriptBuildPhase;
			buildActionMask = 2147483647;
			files = (
			);
			inputFileListPaths = (
				"${PODS_ROOT}/Target Support Files/Pods-PokeApp-PokeAppUITests/Pods-PokeApp-PokeAppUITests-frameworks-${CONFIGURATION}-input-files.xcfilelist",
			);
			name = "[CP] Embed Pods Frameworks";
			outputFileListPaths = (
				"${PODS_ROOT}/Target Support Files/Pods-PokeApp-PokeAppUITests/Pods-PokeApp-PokeAppUITests-frameworks-${CONFIGURATION}-output-files.xcfilelist",
			);
			runOnlyForDeploymentPostprocessing = 0;
			shellPath = /bin/sh;
			shellScript = "\"${PODS_ROOT}/Target Support Files/Pods-PokeApp-PokeAppUITests/Pods-PokeApp-PokeAppUITests-frameworks.sh\"\n";
			showEnvVarsInLog = 0;
		};
		402E326F1E3AE0D70BAA6C93 /* [CP] Check Pods Manifest.lock */ = {
			isa = PBXShellScriptBuildPhase;
			buildActionMask = 2147483647;
			files = (
			);
			inputFileListPaths = (
			);
			inputPaths = (
				"${PODS_PODFILE_DIR_PATH}/Podfile.lock",
				"${PODS_ROOT}/Manifest.lock",
			);
			name = "[CP] Check Pods Manifest.lock";
			outputFileListPaths = (
			);
			outputPaths = (
				"$(DERIVED_FILE_DIR)/Pods-PokeApp-checkManifestLockResult.txt",
			);
			runOnlyForDeploymentPostprocessing = 0;
			shellPath = /bin/sh;
			shellScript = "diff \"${PODS_PODFILE_DIR_PATH}/Podfile.lock\" \"${PODS_ROOT}/Manifest.lock\" > /dev/null\nif [ $? != 0 ] ; then\n    # print error to STDERR\n    echo \"error: The sandbox is not in sync with the Podfile.lock. Run 'pod install' or update your CocoaPods installation.\" >&2\n    exit 1\nfi\n# This output is used by Xcode 'outputs' to avoid re-running this script phase.\necho \"SUCCESS\" > \"${SCRIPT_OUTPUT_FILE_0}\"\n";
			showEnvVarsInLog = 0;
		};
		72AC6D00FB4F0D910B7F6970 /* [CP] Check Pods Manifest.lock */ = {
			isa = PBXShellScriptBuildPhase;
			buildActionMask = 2147483647;
			files = (
			);
			inputFileListPaths = (
			);
			inputPaths = (
				"${PODS_PODFILE_DIR_PATH}/Podfile.lock",
				"${PODS_ROOT}/Manifest.lock",
			);
			name = "[CP] Check Pods Manifest.lock";
			outputFileListPaths = (
			);
			outputPaths = (
				"$(DERIVED_FILE_DIR)/Pods-PokeAppTests-checkManifestLockResult.txt",
			);
			runOnlyForDeploymentPostprocessing = 0;
			shellPath = /bin/sh;
			shellScript = "diff \"${PODS_PODFILE_DIR_PATH}/Podfile.lock\" \"${PODS_ROOT}/Manifest.lock\" > /dev/null\nif [ $? != 0 ] ; then\n    # print error to STDERR\n    echo \"error: The sandbox is not in sync with the Podfile.lock. Run 'pod install' or update your CocoaPods installation.\" >&2\n    exit 1\nfi\n# This output is used by Xcode 'outputs' to avoid re-running this script phase.\necho \"SUCCESS\" > \"${SCRIPT_OUTPUT_FILE_0}\"\n";
			showEnvVarsInLog = 0;
		};
		D3C9034E3AAFBD30BFC9F4BE /* [CP] Embed Pods Frameworks */ = {
			isa = PBXShellScriptBuildPhase;
			buildActionMask = 2147483647;
			files = (
			);
			inputFileListPaths = (
				"${PODS_ROOT}/Target Support Files/Pods-PokeApp/Pods-PokeApp-frameworks-${CONFIGURATION}-input-files.xcfilelist",
			);
			name = "[CP] Embed Pods Frameworks";
			outputFileListPaths = (
				"${PODS_ROOT}/Target Support Files/Pods-PokeApp/Pods-PokeApp-frameworks-${CONFIGURATION}-output-files.xcfilelist",
			);
			runOnlyForDeploymentPostprocessing = 0;
			shellPath = /bin/sh;
			shellScript = "\"${PODS_ROOT}/Target Support Files/Pods-PokeApp/Pods-PokeApp-frameworks.sh\"\n";
			showEnvVarsInLog = 0;
		};
		D7E055AC1C382748C79B5489 /* [CP] Check Pods Manifest.lock */ = {
			isa = PBXShellScriptBuildPhase;
			buildActionMask = 2147483647;
			files = (
			);
			inputFileListPaths = (
			);
			inputPaths = (
				"${PODS_PODFILE_DIR_PATH}/Podfile.lock",
				"${PODS_ROOT}/Manifest.lock",
			);
			name = "[CP] Check Pods Manifest.lock";
			outputFileListPaths = (
			);
			outputPaths = (
				"$(DERIVED_FILE_DIR)/Pods-PokeApp-PokeAppUITests-checkManifestLockResult.txt",
			);
			runOnlyForDeploymentPostprocessing = 0;
			shellPath = /bin/sh;
			shellScript = "diff \"${PODS_PODFILE_DIR_PATH}/Podfile.lock\" \"${PODS_ROOT}/Manifest.lock\" > /dev/null\nif [ $? != 0 ] ; then\n    # print error to STDERR\n    echo \"error: The sandbox is not in sync with the Podfile.lock. Run 'pod install' or update your CocoaPods installation.\" >&2\n    exit 1\nfi\n# This output is used by Xcode 'outputs' to avoid re-running this script phase.\necho \"SUCCESS\" > \"${SCRIPT_OUTPUT_FILE_0}\"\n";
			showEnvVarsInLog = 0;
		};
/* End PBXShellScriptBuildPhase section */

/* Begin PBXSourcesBuildPhase section */
		FABE1767267E188900BF58F7 /* Sources */ = {
			isa = PBXSourcesBuildPhase;
			buildActionMask = 2147483647;
			files = (
				FA61842426803C4E00786785 /* WebHooksNetworkManager.swift in Sources */,
				FA6183DA26800E7200786785 /* PokemonDetailInterface.swift in Sources */,
				FABE17C4267E657800BF58F7 /* PokemonInterface.swift in Sources */,
				FABE1773267E188900BF58F7 /* PokemonViewController.swift in Sources */,
				FABE17CE267EAB7400BF58F7 /* UIImageView+Extensions.swift in Sources */,
				FA6183CE267EF4DD00786785 /* PokemonsListInterface.swift in Sources */,
				FA6183CA267EF36100786785 /* PokemonsListCoordinator.swift in Sources */,
				FABE17D0267EC44100BF58F7 /* UIAlertController+Extensions.swift in Sources */,
				FABE17A9267E244500BF58F7 /* Coordinator.swift in Sources */,
				FABE17A7267E21DA00BF58F7 /* Storyboarded.swift in Sources */,
				FABE17C8267E688300BF58F7 /* PokemonNetworkManager.swift in Sources */,
				FA6183DC2680105500786785 /* PokemonDetailViewModel.swift in Sources */,
				FA61842226803AF300786785 /* WebHooksService.swift in Sources */,
				FAC803D32681747D00B4F839 /* UITextField+Extensions.swift in Sources */,
				FA6183E02680145B00786785 /* Pokemon.swift in Sources */,
				FA6183CC267EF44700786785 /* PokemonsListViewModel.swift in Sources */,
				FABE176F267E188900BF58F7 /* AppDelegate.swift in Sources */,
				FABE17C1267E64D800BF58F7 /* PokemonViewModel.swift in Sources */,
				FA6183E42680244D00786785 /* PokemonError.swift in Sources */,
				FABE17AE267E338200BF58F7 /* BaseViewController.swift in Sources */,
				FA6183D626800C3A00786785 /* PokemonDetailViewController.swift in Sources */,
				FABE1771267E188900BF58F7 /* SceneDelegate.swift in Sources */,
				FABE17B0267E381000BF58F7 /* BaseCoordinator.swift in Sources */,
				FA6183C7267EEF7B00786785 /* PokemonsListViewController.swift in Sources */,
				FABE17C6267E65F500BF58F7 /* PokemonCoordinator.swift in Sources */,
				FA6183DE2680130900786785 /* PokemonDetailCoordinator.swift in Sources */,
			);
			runOnlyForDeploymentPostprocessing = 0;
		};
		FABE1780267E188D00BF58F7 /* Sources */ = {
			isa = PBXSourcesBuildPhase;
			buildActionMask = 2147483647;
			files = (
				FAA3D4162682BA2100698EE2 /* PokemonsTest.swift in Sources */,
				FABE1789267E188D00BF58F7 /* WebhooksTest.swift in Sources */,
				FAA3D41C2682CBA200698EE2 /* PokemonViewControllerTest.swift in Sources */,
				FAA3D410268266F000698EE2 /* WebhooksStub.swift in Sources */,
			);
			runOnlyForDeploymentPostprocessing = 0;
		};
		FABE178B267E188D00BF58F7 /* Sources */ = {
			isa = PBXSourcesBuildPhase;
			buildActionMask = 2147483647;
			files = (
				FABE1794267E188D00BF58F7 /* PokeAppUITests.swift in Sources */,
				FAA3D40D2682222600698EE2 /* Constants.swift in Sources */,
			);
			runOnlyForDeploymentPostprocessing = 0;
		};
/* End PBXSourcesBuildPhase section */

/* Begin PBXTargetDependency section */
		FABE1786267E188D00BF58F7 /* PBXTargetDependency */ = {
			isa = PBXTargetDependency;
			target = FABE176A267E188900BF58F7 /* PokeApp */;
			targetProxy = FABE1785267E188D00BF58F7 /* PBXContainerItemProxy */;
		};
		FABE1791267E188D00BF58F7 /* PBXTargetDependency */ = {
			isa = PBXTargetDependency;
			target = FABE176A267E188900BF58F7 /* PokeApp */;
			targetProxy = FABE1790267E188D00BF58F7 /* PBXContainerItemProxy */;
		};
/* End PBXTargetDependency section */

/* Begin PBXVariantGroup section */
		FABE1774267E188900BF58F7 /* Pokemon.storyboard */ = {
			isa = PBXVariantGroup;
			children = (
				FABE1775267E188900BF58F7 /* Base */,
			);
			name = Pokemon.storyboard;
			sourceTree = "<group>";
		};
		FABE177C267E188C00BF58F7 /* LaunchScreen.storyboard */ = {
			isa = PBXVariantGroup;
			children = (
				FABE177D267E188C00BF58F7 /* Base */,
			);
			name = LaunchScreen.storyboard;
			sourceTree = "<group>";
		};
/* End PBXVariantGroup section */

/* Begin XCBuildConfiguration section */
		FABE1796267E188D00BF58F7 /* Debug */ = {
			isa = XCBuildConfiguration;
			buildSettings = {
				ALWAYS_SEARCH_USER_PATHS = NO;
				CLANG_ANALYZER_NONNULL = YES;
				CLANG_ANALYZER_NUMBER_OBJECT_CONVERSION = YES_AGGRESSIVE;
				CLANG_CXX_LANGUAGE_STANDARD = "gnu++14";
				CLANG_CXX_LIBRARY = "libc++";
				CLANG_ENABLE_MODULES = YES;
				CLANG_ENABLE_OBJC_ARC = YES;
				CLANG_ENABLE_OBJC_WEAK = YES;
				CLANG_WARN_BLOCK_CAPTURE_AUTORELEASING = YES;
				CLANG_WARN_BOOL_CONVERSION = YES;
				CLANG_WARN_COMMA = YES;
				CLANG_WARN_CONSTANT_CONVERSION = YES;
				CLANG_WARN_DEPRECATED_OBJC_IMPLEMENTATIONS = YES;
				CLANG_WARN_DIRECT_OBJC_ISA_USAGE = YES_ERROR;
				CLANG_WARN_DOCUMENTATION_COMMENTS = YES;
				CLANG_WARN_EMPTY_BODY = YES;
				CLANG_WARN_ENUM_CONVERSION = YES;
				CLANG_WARN_INFINITE_RECURSION = YES;
				CLANG_WARN_INT_CONVERSION = YES;
				CLANG_WARN_NON_LITERAL_NULL_CONVERSION = YES;
				CLANG_WARN_OBJC_IMPLICIT_RETAIN_SELF = YES;
				CLANG_WARN_OBJC_LITERAL_CONVERSION = YES;
				CLANG_WARN_OBJC_ROOT_CLASS = YES_ERROR;
				CLANG_WARN_QUOTED_INCLUDE_IN_FRAMEWORK_HEADER = YES;
				CLANG_WARN_RANGE_LOOP_ANALYSIS = YES;
				CLANG_WARN_STRICT_PROTOTYPES = YES;
				CLANG_WARN_SUSPICIOUS_MOVE = YES;
				CLANG_WARN_UNGUARDED_AVAILABILITY = YES_AGGRESSIVE;
				CLANG_WARN_UNREACHABLE_CODE = YES;
				CLANG_WARN__DUPLICATE_METHOD_MATCH = YES;
				COPY_PHASE_STRIP = NO;
				DEBUG_INFORMATION_FORMAT = dwarf;
				ENABLE_STRICT_OBJC_MSGSEND = YES;
				ENABLE_TESTABILITY = YES;
				GCC_C_LANGUAGE_STANDARD = gnu11;
				GCC_DYNAMIC_NO_PIC = NO;
				GCC_NO_COMMON_BLOCKS = YES;
				GCC_OPTIMIZATION_LEVEL = 0;
				GCC_PREPROCESSOR_DEFINITIONS = (
					"DEBUG=1",
					"$(inherited)",
				);
				GCC_WARN_64_TO_32_BIT_CONVERSION = YES;
				GCC_WARN_ABOUT_RETURN_TYPE = YES_ERROR;
				GCC_WARN_UNDECLARED_SELECTOR = YES;
				GCC_WARN_UNINITIALIZED_AUTOS = YES_AGGRESSIVE;
				GCC_WARN_UNUSED_FUNCTION = YES;
				GCC_WARN_UNUSED_VARIABLE = YES;
				IPHONEOS_DEPLOYMENT_TARGET = 14.5;
				MTL_ENABLE_DEBUG_INFO = INCLUDE_SOURCE;
				MTL_FAST_MATH = YES;
				ONLY_ACTIVE_ARCH = YES;
				SDKROOT = iphoneos;
				SWIFT_ACTIVE_COMPILATION_CONDITIONS = DEBUG;
				SWIFT_OPTIMIZATION_LEVEL = "-Onone";
			};
			name = Debug;
		};
		FABE1797267E188D00BF58F7 /* Release */ = {
			isa = XCBuildConfiguration;
			buildSettings = {
				ALWAYS_SEARCH_USER_PATHS = NO;
				CLANG_ANALYZER_NONNULL = YES;
				CLANG_ANALYZER_NUMBER_OBJECT_CONVERSION = YES_AGGRESSIVE;
				CLANG_CXX_LANGUAGE_STANDARD = "gnu++14";
				CLANG_CXX_LIBRARY = "libc++";
				CLANG_ENABLE_MODULES = YES;
				CLANG_ENABLE_OBJC_ARC = YES;
				CLANG_ENABLE_OBJC_WEAK = YES;
				CLANG_WARN_BLOCK_CAPTURE_AUTORELEASING = YES;
				CLANG_WARN_BOOL_CONVERSION = YES;
				CLANG_WARN_COMMA = YES;
				CLANG_WARN_CONSTANT_CONVERSION = YES;
				CLANG_WARN_DEPRECATED_OBJC_IMPLEMENTATIONS = YES;
				CLANG_WARN_DIRECT_OBJC_ISA_USAGE = YES_ERROR;
				CLANG_WARN_DOCUMENTATION_COMMENTS = YES;
				CLANG_WARN_EMPTY_BODY = YES;
				CLANG_WARN_ENUM_CONVERSION = YES;
				CLANG_WARN_INFINITE_RECURSION = YES;
				CLANG_WARN_INT_CONVERSION = YES;
				CLANG_WARN_NON_LITERAL_NULL_CONVERSION = YES;
				CLANG_WARN_OBJC_IMPLICIT_RETAIN_SELF = YES;
				CLANG_WARN_OBJC_LITERAL_CONVERSION = YES;
				CLANG_WARN_OBJC_ROOT_CLASS = YES_ERROR;
				CLANG_WARN_QUOTED_INCLUDE_IN_FRAMEWORK_HEADER = YES;
				CLANG_WARN_RANGE_LOOP_ANALYSIS = YES;
				CLANG_WARN_STRICT_PROTOTYPES = YES;
				CLANG_WARN_SUSPICIOUS_MOVE = YES;
				CLANG_WARN_UNGUARDED_AVAILABILITY = YES_AGGRESSIVE;
				CLANG_WARN_UNREACHABLE_CODE = YES;
				CLANG_WARN__DUPLICATE_METHOD_MATCH = YES;
				COPY_PHASE_STRIP = NO;
				DEBUG_INFORMATION_FORMAT = "dwarf-with-dsym";
				ENABLE_NS_ASSERTIONS = NO;
				ENABLE_STRICT_OBJC_MSGSEND = YES;
				GCC_C_LANGUAGE_STANDARD = gnu11;
				GCC_NO_COMMON_BLOCKS = YES;
				GCC_WARN_64_TO_32_BIT_CONVERSION = YES;
				GCC_WARN_ABOUT_RETURN_TYPE = YES_ERROR;
				GCC_WARN_UNDECLARED_SELECTOR = YES;
				GCC_WARN_UNINITIALIZED_AUTOS = YES_AGGRESSIVE;
				GCC_WARN_UNUSED_FUNCTION = YES;
				GCC_WARN_UNUSED_VARIABLE = YES;
				IPHONEOS_DEPLOYMENT_TARGET = 14.5;
				MTL_ENABLE_DEBUG_INFO = NO;
				MTL_FAST_MATH = YES;
				SDKROOT = iphoneos;
				SWIFT_COMPILATION_MODE = wholemodule;
				SWIFT_OPTIMIZATION_LEVEL = "-O";
				VALIDATE_PRODUCT = YES;
			};
			name = Release;
		};
		FABE1799267E188D00BF58F7 /* Debug */ = {
			isa = XCBuildConfiguration;
			baseConfigurationReference = B141A758A9D2546075560ECC /* Pods-PokeApp.debug.xcconfig */;
			buildSettings = {
				ASSETCATALOG_COMPILER_APPICON_NAME = AppIcon;
				ASSETCATALOG_COMPILER_GLOBAL_ACCENT_COLOR_NAME = AccentColor;
				CODE_SIGN_STYLE = Automatic;
				INFOPLIST_FILE = PokeApp/Common/Info.plist;
				LD_RUNPATH_SEARCH_PATHS = (
					"$(inherited)",
					"@executable_path/Frameworks",
				);
				PRODUCT_BUNDLE_IDENTIFIER = com.yuri.PokeApp;
				PRODUCT_NAME = "$(TARGET_NAME)";
				SWIFT_VERSION = 5.0;
				TARGETED_DEVICE_FAMILY = 1;
			};
			name = Debug;
		};
		FABE179A267E188D00BF58F7 /* Release */ = {
			isa = XCBuildConfiguration;
			baseConfigurationReference = 7D7BCD8240CAD356BD3910E3 /* Pods-PokeApp.release.xcconfig */;
			buildSettings = {
				ASSETCATALOG_COMPILER_APPICON_NAME = AppIcon;
				ASSETCATALOG_COMPILER_GLOBAL_ACCENT_COLOR_NAME = AccentColor;
				CODE_SIGN_STYLE = Automatic;
				INFOPLIST_FILE = PokeApp/Common/Info.plist;
				LD_RUNPATH_SEARCH_PATHS = (
					"$(inherited)",
					"@executable_path/Frameworks",
				);
				PRODUCT_BUNDLE_IDENTIFIER = com.yuri.PokeApp;
				PRODUCT_NAME = "$(TARGET_NAME)";
				SWIFT_VERSION = 5.0;
				TARGETED_DEVICE_FAMILY = 1;
			};
			name = Release;
		};
		FABE179C267E188D00BF58F7 /* Debug */ = {
			isa = XCBuildConfiguration;
			baseConfigurationReference = AC51F74C51C4D30422DD53C9 /* Pods-PokeAppTests.debug.xcconfig */;
			buildSettings = {
				ALWAYS_EMBED_SWIFT_STANDARD_LIBRARIES = YES;
				BUNDLE_LOADER = "$(TEST_HOST)";
				CODE_SIGN_STYLE = Automatic;
				INFOPLIST_FILE = PokeAppTests/Info.plist;
				IPHONEOS_DEPLOYMENT_TARGET = 14.5;
				LD_RUNPATH_SEARCH_PATHS = (
					"$(inherited)",
					"@executable_path/Frameworks",
					"@loader_path/Frameworks",
				);
				PRODUCT_BUNDLE_IDENTIFIER = com.yuri.PokeAppTests;
				PRODUCT_NAME = "$(TARGET_NAME)";
				SWIFT_VERSION = 5.0;
				TARGETED_DEVICE_FAMILY = "1,2";
				TEST_HOST = "$(BUILT_PRODUCTS_DIR)/PokeApp.app/PokeApp";
			};
			name = Debug;
		};
		FABE179D267E188D00BF58F7 /* Release */ = {
			isa = XCBuildConfiguration;
			baseConfigurationReference = 6E1FD34642003D651D41AF28 /* Pods-PokeAppTests.release.xcconfig */;
			buildSettings = {
				ALWAYS_EMBED_SWIFT_STANDARD_LIBRARIES = YES;
				BUNDLE_LOADER = "$(TEST_HOST)";
				CODE_SIGN_STYLE = Automatic;
				INFOPLIST_FILE = PokeAppTests/Info.plist;
				IPHONEOS_DEPLOYMENT_TARGET = 14.5;
				LD_RUNPATH_SEARCH_PATHS = (
					"$(inherited)",
					"@executable_path/Frameworks",
					"@loader_path/Frameworks",
				);
				PRODUCT_BUNDLE_IDENTIFIER = com.yuri.PokeAppTests;
				PRODUCT_NAME = "$(TARGET_NAME)";
				SWIFT_VERSION = 5.0;
				TARGETED_DEVICE_FAMILY = "1,2";
				TEST_HOST = "$(BUILT_PRODUCTS_DIR)/PokeApp.app/PokeApp";
			};
			name = Release;
		};
		FABE179F267E188D00BF58F7 /* Debug */ = {
			isa = XCBuildConfiguration;
			baseConfigurationReference = B837BDDCC7DF12B6A54760D2 /* Pods-PokeApp-PokeAppUITests.debug.xcconfig */;
			buildSettings = {
				ALWAYS_EMBED_SWIFT_STANDARD_LIBRARIES = YES;
				CODE_SIGN_STYLE = Automatic;
				INFOPLIST_FILE = PokeAppUITests/Info.plist;
				LD_RUNPATH_SEARCH_PATHS = (
					"$(inherited)",
					"@executable_path/Frameworks",
					"@loader_path/Frameworks",
				);
				PRODUCT_BUNDLE_IDENTIFIER = com.yuri.PokeAppUITests;
				PRODUCT_NAME = "$(TARGET_NAME)";
				SWIFT_VERSION = 5.0;
				TARGETED_DEVICE_FAMILY = "1,2";
				TEST_TARGET_NAME = PokeApp;
			};
			name = Debug;
		};
		FABE17A0267E188D00BF58F7 /* Release */ = {
			isa = XCBuildConfiguration;
			baseConfigurationReference = 0E37EE05F88AACECD7FE0381 /* Pods-PokeApp-PokeAppUITests.release.xcconfig */;
			buildSettings = {
				ALWAYS_EMBED_SWIFT_STANDARD_LIBRARIES = YES;
				CODE_SIGN_STYLE = Automatic;
				INFOPLIST_FILE = PokeAppUITests/Info.plist;
				LD_RUNPATH_SEARCH_PATHS = (
					"$(inherited)",
					"@executable_path/Frameworks",
					"@loader_path/Frameworks",
				);
				PRODUCT_BUNDLE_IDENTIFIER = com.yuri.PokeAppUITests;
				PRODUCT_NAME = "$(TARGET_NAME)";
				SWIFT_VERSION = 5.0;
				TARGETED_DEVICE_FAMILY = "1,2";
				TEST_TARGET_NAME = PokeApp;
			};
			name = Release;
		};
/* End XCBuildConfiguration section */

/* Begin XCConfigurationList section */
		FABE1766267E188900BF58F7 /* Build configuration list for PBXProject "PokeApp" */ = {
			isa = XCConfigurationList;
			buildConfigurations = (
				FABE1796267E188D00BF58F7 /* Debug */,
				FABE1797267E188D00BF58F7 /* Release */,
			);
			defaultConfigurationIsVisible = 0;
			defaultConfigurationName = Release;
		};
		FABE1798267E188D00BF58F7 /* Build configuration list for PBXNativeTarget "PokeApp" */ = {
			isa = XCConfigurationList;
			buildConfigurations = (
				FABE1799267E188D00BF58F7 /* Debug */,
				FABE179A267E188D00BF58F7 /* Release */,
			);
			defaultConfigurationIsVisible = 0;
			defaultConfigurationName = Release;
		};
		FABE179B267E188D00BF58F7 /* Build configuration list for PBXNativeTarget "PokeAppTests" */ = {
			isa = XCConfigurationList;
			buildConfigurations = (
				FABE179C267E188D00BF58F7 /* Debug */,
				FABE179D267E188D00BF58F7 /* Release */,
			);
			defaultConfigurationIsVisible = 0;
			defaultConfigurationName = Release;
		};
		FABE179E267E188D00BF58F7 /* Build configuration list for PBXNativeTarget "PokeAppUITests" */ = {
			isa = XCConfigurationList;
			buildConfigurations = (
				FABE179F267E188D00BF58F7 /* Debug */,
				FABE17A0267E188D00BF58F7 /* Release */,
			);
			defaultConfigurationIsVisible = 0;
			defaultConfigurationName = Release;
		};
/* End XCConfigurationList section */
	};
	rootObject = FABE1763267E188900BF58F7 /* Project object */;
}
